
Microsoft Visual Studio Solution File, Format Version 12.00
# Visual Studio Version 17
VisualStudioVersion = 17.7.34202.233
MinimumVisualStudioVersion = 10.0.40219.1
Project("{FAE04EC0-301F-11D3-BF4B-00C04F79EFBC}") = "Group01RestaurantSystem", "Group01RestaurantSystem.csproj", "{A167D7B5-E608-4C00-B38B-A25256F07DE2}"
EndProject
Global
	GlobalSection(SolutionConfigurationPlatforms) = preSolution
		Debug|Any CPU = Debug|Any CPU
		Release|Any CPU = Release|Any CPU
	EndGlobalSection
	GlobalSection(ProjectConfigurationPlatforms) = postSolution
		{A167D7B5-E608-4C00-B38B-A25256F07DE2}.Debug|Any CPU.ActiveCfg = Debug|Any CPU
		{A167D7B5-E608-4C00-B38B-A25256F07DE2}.Debug|Any CPU.Build.0 = Debug|Any CPU
		{A167D7B5-E608-4C00-B38B-A25256F07DE2}.Release|Any CPU.ActiveCfg = Release|Any CPU
		{A167D7B5-E608-4C00-B38B-A25256F07DE2}.Release|Any CPU.Build.0 = Release|Any CPU
	EndGlobalSection
	GlobalSection(SolutionProperties) = preSolution
		HideSolutionNode = FALSE
	EndGlobalSection
	GlobalSection(ExtensibilityGlobals) = postSolution
		SolutionGuid = {357342BA-D32E-463B-84F9-2C885449AFB0}
	EndGlobalSection
EndGlobal
